
Microsoft Visual Studio Solution File, Format Version 12.00
# Visual Studio Version 17
VisualStudioVersion = 17.14.36518.9 d17.14
MinimumVisualStudioVersion = 10.0.40219.1
Project("{FAE04EC0-301F-11D3-BF4B-00C04F79EFBC}") = "Basic", "Basic\Basic.csproj", "{A54CF971-304F-4292-8237-491A41C501C8}"
EndProject
Project("{FAE04EC0-301F-11D3-BF4B-00C04F79EFBC}") = "Event", "Event\Event.csproj", "{B374CE8F-7966-44E3-BC90-BF25911B23F0}"
EndProject
Project("{FAE04EC0-301F-11D3-BF4B-00C04F79EFBC}") = "Database", "Database\Database.csproj", "{0EE88A5E-81C8-4017-A92F-D2679052BACD}"
EndProject
Global
	GlobalSection(SolutionConfigurationPlatforms) = preSolution
		Debug|Any CPU = Debug|Any CPU
		Release|Any CPU = Release|Any CPU
	EndGlobalSection
	GlobalSection(ProjectConfigurationPlatforms) = postSolution
		{A54CF971-304F-4292-8237-491A41C501C8}.Debug|Any CPU.ActiveCfg = Debug|Any CPU
		{A54CF971-304F-4292-8237-491A41C501C8}.Debug|Any CPU.Build.0 = Debug|Any CPU
		{A54CF971-304F-4292-8237-491A41C501C8}.Release|Any CPU.ActiveCfg = Release|Any CPU
		{A54CF971-304F-4292-8237-491A41C501C8}.Release|Any CPU.Build.0 = Release|Any CPU
		{B374CE8F-7966-44E3-BC90-BF25911B23F0}.Debug|Any CPU.ActiveCfg = Debug|Any CPU
		{B374CE8F-7966-44E3-BC90-BF25911B23F0}.Debug|Any CPU.Build.0 = Debug|Any CPU
		{B374CE8F-7966-44E3-BC90-BF25911B23F0}.Release|Any CPU.ActiveCfg = Release|Any CPU
		{B374CE8F-7966-44E3-BC90-BF25911B23F0}.Release|Any CPU.Build.0 = Release|Any CPU
		{0EE88A5E-81C8-4017-A92F-D2679052BACD}.Debug|Any CPU.ActiveCfg = Debug|Any CPU
		{0EE88A5E-81C8-4017-A92F-D2679052BACD}.Debug|Any CPU.Build.0 = Debug|Any CPU
		{0EE88A5E-81C8-4017-A92F-D2679052BACD}.Release|Any CPU.ActiveCfg = Release|Any CPU
		{0EE88A5E-81C8-4017-A92F-D2679052BACD}.Release|Any CPU.Build.0 = Release|Any CPU
	EndGlobalSection
	GlobalSection(SolutionProperties) = preSolution
		HideSolutionNode = FALSE
	EndGlobalSection
	GlobalSection(ExtensibilityGlobals) = postSolution
		SolutionGuid = {49E36361-D950-4FD4-8C7B-45C9BB668F18}
	EndGlobalSection
EndGlobal
